
Microsoft Visual Studio Solution File, Format Version 12.00
# Visual Studio Version 17
VisualStudioVersion = 17.1.32210.238
MinimumVisualStudioVersion = 10.0.40219.1
Project("{FAE04EC0-301F-11D3-BF4B-00C04F79EFBC}") = "CookingBot", "CookingBot\CookingBot.csproj", "{B8D43BE8-B2BD-4986-B484-1696D3896825}"
EndProject
Project("{FAE04EC0-301F-11D3-BF4B-00C04F79EFBC}") = "CookingBot.Domain", "CookingBot.Domain\CookingBot.Domain.csproj", "{AFF6A166-B33A-42AC-BB8D-D949268CA7B3}"
EndProject
Project("{FAE04EC0-301F-11D3-BF4B-00C04F79EFBC}") = "CookingBot.Application", "CookingBot.Application\CookingBot.Application.csproj", "{3C1640E2-EB79-42C5-A9A7-80412029262C}"
EndProject
Project("{FAE04EC0-301F-11D3-BF4B-00C04F79EFBC}") = "CookingBot.Infrastructure", "CookingBot.Infrastructure\CookingBot.Infrastructure.csproj", "{4A5E13F9-87BD-4C18-863D-C60F69487168}"
EndProject
Global
	GlobalSection(SolutionConfigurationPlatforms) = preSolution
		Debug|Any CPU = Debug|Any CPU
		Release|Any CPU = Release|Any CPU
	EndGlobalSection
	GlobalSection(ProjectConfigurationPlatforms) = postSolution
		{B8D43BE8-B2BD-4986-B484-1696D3896825}.Debug|Any CPU.ActiveCfg = Debug|Any CPU
		{B8D43BE8-B2BD-4986-B484-1696D3896825}.Debug|Any CPU.Build.0 = Debug|Any CPU
		{B8D43BE8-B2BD-4986-B484-1696D3896825}.Release|Any CPU.ActiveCfg = Release|Any CPU
		{B8D43BE8-B2BD-4986-B484-1696D3896825}.Release|Any CPU.Build.0 = Release|Any CPU
		{AFF6A166-B33A-42AC-BB8D-D949268CA7B3}.Debug|Any CPU.ActiveCfg = Debug|Any CPU
		{AFF6A166-B33A-42AC-BB8D-D949268CA7B3}.Debug|Any CPU.Build.0 = Debug|Any CPU
		{AFF6A166-B33A-42AC-BB8D-D949268CA7B3}.Release|Any CPU.ActiveCfg = Release|Any CPU
		{AFF6A166-B33A-42AC-BB8D-D949268CA7B3}.Release|Any CPU.Build.0 = Release|Any CPU
		{3C1640E2-EB79-42C5-A9A7-80412029262C}.Debug|Any CPU.ActiveCfg = Debug|Any CPU
		{3C1640E2-EB79-42C5-A9A7-80412029262C}.Debug|Any CPU.Build.0 = Debug|Any CPU
		{3C1640E2-EB79-42C5-A9A7-80412029262C}.Release|Any CPU.ActiveCfg = Release|Any CPU
		{3C1640E2-EB79-42C5-A9A7-80412029262C}.Release|Any CPU.Build.0 = Release|Any CPU
		{4A5E13F9-87BD-4C18-863D-C60F69487168}.Debug|Any CPU.ActiveCfg = Debug|Any CPU
		{4A5E13F9-87BD-4C18-863D-C60F69487168}.Debug|Any CPU.Build.0 = Debug|Any CPU
		{4A5E13F9-87BD-4C18-863D-C60F69487168}.Release|Any CPU.ActiveCfg = Release|Any CPU
		{4A5E13F9-87BD-4C18-863D-C60F69487168}.Release|Any CPU.Build.0 = Release|Any CPU
	EndGlobalSection
	GlobalSection(SolutionProperties) = preSolution
		HideSolutionNode = FALSE
	EndGlobalSection
	GlobalSection(ExtensibilityGlobals) = postSolution
		SolutionGuid = {A55172B6-1BCA-4AA7-A93C-6FA62846B593}
	EndGlobalSection
EndGlobal
